
Microsoft Visual Studio Solution File, Format Version 12.00
# Visual Studio Version 16
VisualStudioVersion = 16.0.29215.179
MinimumVisualStudioVersion = 10.0.40219.1
Project("{FAE04EC0-301F-11D3-BF4B-00C04F79EFBC}") = "Biblioteca", "Biblioteca\Biblioteca.csproj", "{B0B38687-0A16-45B3-A271-B585228295B8}"
EndProject
Global
	GlobalSection(SolutionConfigurationPlatforms) = preSolution
		Debug|Any CPU = Debug|Any CPU
		Release|Any CPU = Release|Any CPU
	EndGlobalSection
	GlobalSection(ProjectConfigurationPlatforms) = postSolution
		{B0B38687-0A16-45B3-A271-B585228295B8}.Debug|Any CPU.ActiveCfg = Debug|Any CPU
		{B0B38687-0A16-45B3-A271-B585228295B8}.Debug|Any CPU.Build.0 = Debug|Any CPU
		{B0B38687-0A16-45B3-A271-B585228295B8}.Release|Any CPU.ActiveCfg = Release|Any CPU
		{B0B38687-0A16-45B3-A271-B585228295B8}.Release|Any CPU.Build.0 = Release|Any CPU
	EndGlobalSection
	GlobalSection(SolutionProperties) = preSolution
		HideSolutionNode = FALSE
	EndGlobalSection
	GlobalSection(ExtensibilityGlobals) = postSolution
		SolutionGuid = {5D7D568B-6943-4CBE-80E8-15919FADC94F}
	EndGlobalSection
EndGlobal
